
Microsoft Visual Studio Solution File, Format Version 12.00
# Visual Studio Version 16
VisualStudioVersion = 16.0.29519.181
MinimumVisualStudioVersion = 10.0.40219.1
Project("{FAE04EC0-301F-11D3-BF4B-00C04F79EFBC}") = "TextFileAnalyzer", "TextFileAnalyzer\TextFileAnalyzer.csproj", "{5EE59C59-B669-4B32-BD0D-466DAE96AA80}"
EndProject
Global
	GlobalSection(SolutionConfigurationPlatforms) = preSolution
		Debug|Any CPU = Debug|Any CPU
		Release|Any CPU = Release|Any CPU
	EndGlobalSection
	GlobalSection(ProjectConfigurationPlatforms) = postSolution
		{5EE59C59-B669-4B32-BD0D-466DAE96AA80}.Debug|Any CPU.ActiveCfg = Debug|Any CPU
		{5EE59C59-B669-4B32-BD0D-466DAE96AA80}.Debug|Any CPU.Build.0 = Debug|Any CPU
		{5EE59C59-B669-4B32-BD0D-466DAE96AA80}.Release|Any CPU.ActiveCfg = Release|Any CPU
		{5EE59C59-B669-4B32-BD0D-466DAE96AA80}.Release|Any CPU.Build.0 = Release|Any CPU
	EndGlobalSection
	GlobalSection(SolutionProperties) = preSolution
		HideSolutionNode = FALSE
	EndGlobalSection
	GlobalSection(ExtensibilityGlobals) = postSolution
		SolutionGuid = {A088F7F1-CEDE-4831-B5BC-7BD13709B0C7}
	EndGlobalSection
EndGlobal
